
Microsoft Visual Studio Solution File, Format Version 12.00
# Visual Studio Version 17
VisualStudioVersion = 17.0.31903.59
MinimumVisualStudioVersion = 10.0.40219.1
Project("{FAE04EC0-301F-11D3-BF4B-00C04F79EFBC}") = "generics_17_2", "generics_17_2\generics_17_2.csproj", "{FC2C5779-F718-407A-AE6B-D230A4336386}"
EndProject
Global
	GlobalSection(SolutionConfigurationPlatforms) = preSolution
		Debug|Any CPU = Debug|Any CPU
		Release|Any CPU = Release|Any CPU
	EndGlobalSection
	GlobalSection(ProjectConfigurationPlatforms) = postSolution
		{FC2C5779-F718-407A-AE6B-D230A4336386}.Debug|Any CPU.ActiveCfg = Debug|Any CPU
		{FC2C5779-F718-407A-AE6B-D230A4336386}.Debug|Any CPU.Build.0 = Debug|Any CPU
		{FC2C5779-F718-407A-AE6B-D230A4336386}.Release|Any CPU.ActiveCfg = Release|Any CPU
		{FC2C5779-F718-407A-AE6B-D230A4336386}.Release|Any CPU.Build.0 = Release|Any CPU
	EndGlobalSection
	GlobalSection(SolutionProperties) = preSolution
		HideSolutionNode = FALSE
	EndGlobalSection
	GlobalSection(ExtensibilityGlobals) = postSolution
		SolutionGuid = {E3F4419A-9CED-4D29-AA36-D130D18B19F0}
	EndGlobalSection
EndGlobal
